PODS:
  - Alamofire (5.1.0)
  - MobileVLCKit (3.3.10)

DEPENDENCIES:
  - Alamofire (~> 5.1)
  - MobileVLCKit

SPEC REPOS:
  trunk:
    - Alamofire
    - MobileVLCKit

SPEC CHECKSUMS:
  Alamofire: 9d5c5f602928e512395b30950c5984eca840093c
  MobileVLCKit: 34a4d22c48ea48a36c2a6fdf290d4ea094869ac0

PODFILE CHECKSUM: 0772df82bf1ed5e44594e33c5740a2a242f36377

COCOAPODS: 1.8.4
